
Microsoft Visual Studio Solution File, Format Version 12.00
# Visual Studio Version 16
VisualStudioVersion = 16.0.32002.261
MinimumVisualStudioVersion = 10.0.40219.1
Project("{FAE04EC0-301F-11D3-BF4B-00C04F79EFBC}") = "ArraysListsEnums", "ArraysListsEnums\ArraysListsEnums.csproj", "{EEED8E98-BD01-41CB-A4E2-AC1625C2BAFF}"
EndProject
Global
	GlobalSection(SolutionConfigurationPlatforms) = preSolution
		Debug|Any CPU = Debug|Any CPU
		Release|Any CPU = Release|Any CPU
	EndGlobalSection
	GlobalSection(ProjectConfigurationPlatforms) = postSolution
		{EEED8E98-BD01-41CB-A4E2-AC1625C2BAFF}.Debug|Any CPU.ActiveCfg = Debug|Any CPU
		{EEED8E98-BD01-41CB-A4E2-AC1625C2BAFF}.Debug|Any CPU.Build.0 = Debug|Any CPU
		{EEED8E98-BD01-41CB-A4E2-AC1625C2BAFF}.Release|Any CPU.ActiveCfg = Release|Any CPU
		{EEED8E98-BD01-41CB-A4E2-AC1625C2BAFF}.Release|Any CPU.Build.0 = Release|Any CPU
	EndGlobalSection
	GlobalSection(SolutionProperties) = preSolution
		HideSolutionNode = FALSE
	EndGlobalSection
	GlobalSection(ExtensibilityGlobals) = postSolution
		SolutionGuid = {661812EC-3C9E-4456-ACFB-C1104F1590FB}
	EndGlobalSection
EndGlobal
